Microsoft Visual Studio Solution File, Format Version 12.00
# Visual Studio 15
VisualStudioVersion = 15.0.27703.2042
MinimumVisualStudioVersion = 10.0.40219.1
Project("{2150E333-8FDC-42A3-9474-1A3956D46DE8}") = "Solution Items", "Solution Items", "{7854AB5F-7EC3-4A49-B175-9F9077D1A65A}"
	ProjectSection(SolutionItems) = preProject
		nfive.yml = nfive.yml
	EndProjectSection
EndProject
Project("{ADD56124-BFCD-4AC5-8E13-5AF27314F403}") = "Playercharacters.Client", "Playercharacters.Client\Playercharacters.Client.csproj", "{7D324EF7-1178-4C47-83CD-0665F7861660}"
EndProject
Project("{ADD56124-BFCD-4AC5-8E13-5AF27314F403}") = "Playercharacters.Server", "Playercharacters.Server\Playercharacters.Server.csproj", "{0181F8BC-E99D-48C9-82F4-4F5250E6EBAE}"
EndProject
Project("{ADD56124-BFCD-4AC5-8E13-5AF27314F403}") = "Playercharacters.Shared", "Playercharacters.Shared\Playercharacters.Shared.csproj", "{05BDE78C-E322-456C-A2CF-137A26E0B404}"
EndProject
Global
	GlobalSection(SolutionConfigurationPlatforms) = preSolution
		Debug|Any CPU = Debug|Any CPU
		Release|Any CPU = Release|Any CPU
	EndGlobalSection
	GlobalSection(ProjectConfigurationPlatforms) = postSolution
		{7D324EF7-1178-4C47-83CD-0665F7861660}.Debug|Any CPU.ActiveCfg = Debug|Any CPU
		{7D324EF7-1178-4C47-83CD-0665F7861660}.Debug|Any CPU.Build.0 = Debug|Any CPU
		{7D324EF7-1178-4C47-83CD-0665F7861660}.Release|Any CPU.ActiveCfg = Release|Any CPU
		{7D324EF7-1178-4C47-83CD-0665F7861660}.Release|Any CPU.Build.0 = Release|Any CPU
		{0181F8BC-E99D-48C9-82F4-4F5250E6EBAE}.Debug|Any CPU.ActiveCfg = Debug|Any CPU
		{0181F8BC-E99D-48C9-82F4-4F5250E6EBAE}.Debug|Any CPU.Build.0 = Debug|Any CPU
		{0181F8BC-E99D-48C9-82F4-4F5250E6EBAE}.Release|Any CPU.ActiveCfg = Release|Any CPU
		{0181F8BC-E99D-48C9-82F4-4F5250E6EBAE}.Release|Any CPU.Build.0 = Release|Any CPU
		{05BDE78C-E322-456C-A2CF-137A26E0B404}.Debug|Any CPU.ActiveCfg = Debug|Any CPU
		{05BDE78C-E322-456C-A2CF-137A26E0B404}.Debug|Any CPU.Build.0 = Debug|Any CPU
		{05BDE78C-E322-456C-A2CF-137A26E0B404}.Release|Any CPU.ActiveCfg = Release|Any CPU
		{05BDE78C-E322-456C-A2CF-137A26E0B404}.Release|Any CPU.Build.0 = Release|Any CPU
	EndGlobalSection
EndGlobal
